
Microsoft Visual Studio Solution File, Format Version 12.00
# Visual Studio Version 16
VisualStudioVersion = 16.0.31229.75
MinimumVisualStudioVersion = 10.0.40219.1
Project("{FAE04EC0-301F-11D3-BF4B-00C04F79EFBC}") = "EPATSLib", "ETEBSLib\EPATSLib.csproj", "{E7EE5C38-383A-4D04-9BD5-D1B57F7C7D45}"
EndProject
Project("{FAE04EC0-301F-11D3-BF4B-00C04F79EFBC}") = "ConsoleApp1", "ConsoleApp1\ConsoleApp1.csproj", "{CF0244A2-C787-46CF-8EA4-1CA016BEB946}"
EndProject
Project("{FAE04EC0-301F-11D3-BF4B-00C04F79EFBC}") = "EPATSProject.Model", "EPATSProject.Model\EPATSProject.Model.csproj", "{19F9D0D4-1C1F-4D38-B988-3DD5787D4703}"
EndProject
Project("{FAE04EC0-301F-11D3-BF4B-00C04F79EFBC}") = "EPATSWebApi", "EPATSWebApi\EPATSWebApi.csproj", "{7871AC11-24F6-4EFE-A620-BF235A673334}"
EndProject
Global
	GlobalSection(SolutionConfigurationPlatforms) = preSolution
		Debug|Any CPU = Debug|Any CPU
		Release|Any CPU = Release|Any CPU
	EndGlobalSection
	GlobalSection(ProjectConfigurationPlatforms) = postSolution
		{E7EE5C38-383A-4D04-9BD5-D1B57F7C7D45}.Debug|Any CPU.ActiveCfg = Debug|Any CPU
		{E7EE5C38-383A-4D04-9BD5-D1B57F7C7D45}.Debug|Any CPU.Build.0 = Debug|Any CPU
		{E7EE5C38-383A-4D04-9BD5-D1B57F7C7D45}.Release|Any CPU.ActiveCfg = Release|Any CPU
		{E7EE5C38-383A-4D04-9BD5-D1B57F7C7D45}.Release|Any CPU.Build.0 = Release|Any CPU
		{CF0244A2-C787-46CF-8EA4-1CA016BEB946}.Debug|Any CPU.ActiveCfg = Debug|Any CPU
		{CF0244A2-C787-46CF-8EA4-1CA016BEB946}.Debug|Any CPU.Build.0 = Debug|Any CPU
		{CF0244A2-C787-46CF-8EA4-1CA016BEB946}.Release|Any CPU.ActiveCfg = Release|Any CPU
		{CF0244A2-C787-46CF-8EA4-1CA016BEB946}.Release|Any CPU.Build.0 = Release|Any CPU
		{19F9D0D4-1C1F-4D38-B988-3DD5787D4703}.Debug|Any CPU.ActiveCfg = Debug|Any CPU
		{19F9D0D4-1C1F-4D38-B988-3DD5787D4703}.Debug|Any CPU.Build.0 = Debug|Any CPU
		{19F9D0D4-1C1F-4D38-B988-3DD5787D4703}.Release|Any CPU.ActiveCfg = Release|Any CPU
		{19F9D0D4-1C1F-4D38-B988-3DD5787D4703}.Release|Any CPU.Build.0 = Release|Any CPU
		{7871AC11-24F6-4EFE-A620-BF235A673334}.Debug|Any CPU.ActiveCfg = Debug|Any CPU
		{7871AC11-24F6-4EFE-A620-BF235A673334}.Debug|Any CPU.Build.0 = Debug|Any CPU
		{7871AC11-24F6-4EFE-A620-BF235A673334}.Release|Any CPU.ActiveCfg = Release|Any CPU
		{7871AC11-24F6-4EFE-A620-BF235A673334}.Release|Any CPU.Build.0 = Release|Any CPU
	EndGlobalSection
	GlobalSection(SolutionProperties) = preSolution
		HideSolutionNode = FALSE
	EndGlobalSection
	GlobalSection(ExtensibilityGlobals) = postSolution
		SolutionGuid = {BFAAF393-E938-488E-8A24-757B4C01CB76}
	EndGlobalSection
EndGlobal
